
Microsoft Visual Studio Solution File, Format Version 12.00
# Visual Studio Version 17
VisualStudioVersion = 17.13.35931.197
MinimumVisualStudioVersion = 10.0.40219.1
Project("{FAE04EC0-301F-11D3-BF4B-00C04F79EFBC}") = "EventoSismicoApp", "EventoSismicoApp.csproj", "{0BEADA80-F0CA-4914-8B81-8A07628F09BD}"
EndProject
Global
	GlobalSection(SolutionConfigurationPlatforms) = preSolution
		Debug|Any CPU = Debug|Any CPU
		Release|Any CPU = Release|Any CPU
	EndGlobalSection
	GlobalSection(ProjectConfigurationPlatforms) = postSolution
		{0BEADA80-F0CA-4914-8B81-8A07628F09BD}.Debug|Any CPU.ActiveCfg = Debug|Any CPU
		{0BEADA80-F0CA-4914-8B81-8A07628F09BD}.Debug|Any CPU.Build.0 = Debug|Any CPU
		{0BEADA80-F0CA-4914-8B81-8A07628F09BD}.Release|Any CPU.ActiveCfg = Release|Any CPU
		{0BEADA80-F0CA-4914-8B81-8A07628F09BD}.Release|Any CPU.Build.0 = Release|Any CPU
	EndGlobalSection
	GlobalSection(SolutionProperties) = preSolution
		HideSolutionNode = FALSE
	EndGlobalSection
	GlobalSection(ExtensibilityGlobals) = postSolution
		SolutionGuid = {B306DCBF-A1E1-487F-8E53-011579DE1F15}
	EndGlobalSection
EndGlobal
